
Microsoft Visual Studio Solution File, Format Version 12.00
# Visual Studio Version 17
VisualStudioVersion = 17.0.31903.59
MinimumVisualStudioVersion = 10.0.40219.1
Project("{FAE04EC0-301F-11D3-BF4B-00C04F79EFBC}") = "EasyOcrNet", "EasyOcrNet\EasyOcrNet.csproj", "{6517B54F-933A-4410-B665-8ADF8B7BD7C3}"
EndProject
Project("{FAE04EC0-301F-11D3-BF4B-00C04F79EFBC}") = "EasyOcrNet.Tests", "EasyOcrNet.Tests\EasyOcrNet.Tests.csproj", "{ABAF9370-233B-4DC6-8DFD-0546784F8E88}"
EndProject
Global
	GlobalSection(SolutionConfigurationPlatforms) = preSolution
		Debug|Any CPU = Debug|Any CPU
		Debug|x64 = Debug|x64
		Debug|x86 = Debug|x86
		Release|Any CPU = Release|Any CPU
		Release|x64 = Release|x64
		Release|x86 = Release|x86
	EndGlobalSection
	GlobalSection(ProjectConfigurationPlatforms) = postSolution
		{6517B54F-933A-4410-B665-8ADF8B7BD7C3}.Debug|Any CPU.ActiveCfg = Debug|Any CPU
		{6517B54F-933A-4410-B665-8ADF8B7BD7C3}.Debug|Any CPU.Build.0 = Debug|Any CPU
		{6517B54F-933A-4410-B665-8ADF8B7BD7C3}.Debug|x64.ActiveCfg = Debug|Any CPU
		{6517B54F-933A-4410-B665-8ADF8B7BD7C3}.Debug|x64.Build.0 = Debug|Any CPU
		{6517B54F-933A-4410-B665-8ADF8B7BD7C3}.Debug|x86.ActiveCfg = Debug|Any CPU
		{6517B54F-933A-4410-B665-8ADF8B7BD7C3}.Debug|x86.Build.0 = Debug|Any CPU
		{6517B54F-933A-4410-B665-8ADF8B7BD7C3}.Release|Any CPU.ActiveCfg = Release|Any CPU
		{6517B54F-933A-4410-B665-8ADF8B7BD7C3}.Release|Any CPU.Build.0 = Release|Any CPU
		{6517B54F-933A-4410-B665-8ADF8B7BD7C3}.Release|x64.ActiveCfg = Release|Any CPU
		{6517B54F-933A-4410-B665-8ADF8B7BD7C3}.Release|x64.Build.0 = Release|Any CPU
		{6517B54F-933A-4410-B665-8ADF8B7BD7C3}.Release|x86.ActiveCfg = Release|Any CPU
		{6517B54F-933A-4410-B665-8ADF8B7BD7C3}.Release|x86.Build.0 = Release|Any CPU
		{ABAF9370-233B-4DC6-8DFD-0546784F8E88}.Debug|Any CPU.ActiveCfg = Debug|Any CPU
		{ABAF9370-233B-4DC6-8DFD-0546784F8E88}.Debug|Any CPU.Build.0 = Debug|Any CPU
		{ABAF9370-233B-4DC6-8DFD-0546784F8E88}.Debug|x64.ActiveCfg = Debug|Any CPU
		{ABAF9370-233B-4DC6-8DFD-0546784F8E88}.Debug|x64.Build.0 = Debug|Any CPU
		{ABAF9370-233B-4DC6-8DFD-0546784F8E88}.Debug|x86.ActiveCfg = Debug|Any CPU
		{ABAF9370-233B-4DC6-8DFD-0546784F8E88}.Debug|x86.Build.0 = Debug|Any CPU
		{ABAF9370-233B-4DC6-8DFD-0546784F8E88}.Release|Any CPU.ActiveCfg = Release|Any CPU
		{ABAF9370-233B-4DC6-8DFD-0546784F8E88}.Release|Any CPU.Build.0 = Release|Any CPU
		{ABAF9370-233B-4DC6-8DFD-0546784F8E88}.Release|x64.ActiveCfg = Release|Any CPU
		{ABAF9370-233B-4DC6-8DFD-0546784F8E88}.Release|x64.Build.0 = Release|Any CPU
		{ABAF9370-233B-4DC6-8DFD-0546784F8E88}.Release|x86.ActiveCfg = Release|Any CPU
		{ABAF9370-233B-4DC6-8DFD-0546784F8E88}.Release|x86.Build.0 = Release|Any CPU
	EndGlobalSection
	GlobalSection(SolutionProperties) = preSolution
		HideSolutionNode = FALSE
	EndGlobalSection
EndGlobal
